
Microsoft Visual Studio Solution File, Format Version 12.00
# Visual Studio Version 17
VisualStudioVersion = 17.14.36603.0 d17.14
MinimumVisualStudioVersion = 10.0.40219.1
Project("{FAE04EC0-301F-11D3-BF4B-00C04F79EFBC}") = "API", "API\API.csproj", "{F669BC60-20EE-481F-A742-C3BC0473C7B6}"
EndProject
Project("{FAE04EC0-301F-11D3-BF4B-00C04F79EFBC}") = "Domain", "Domain\Domain.csproj", "{8DF82F47-A11F-4590-95E4-1D394D383C4B}"
EndProject
Global
	GlobalSection(SolutionConfigurationPlatforms) = preSolution
		Debug|Any CPU = Debug|Any CPU
		Release|Any CPU = Release|Any CPU
	EndGlobalSection
	GlobalSection(ProjectConfigurationPlatforms) = postSolution
		{F669BC60-20EE-481F-A742-C3BC0473C7B6}.Debug|Any CPU.ActiveCfg = Debug|Any CPU
		{F669BC60-20EE-481F-A742-C3BC0473C7B6}.Debug|Any CPU.Build.0 = Debug|Any CPU
		{F669BC60-20EE-481F-A742-C3BC0473C7B6}.Release|Any CPU.ActiveCfg = Release|Any CPU
		{F669BC60-20EE-481F-A742-C3BC0473C7B6}.Release|Any CPU.Build.0 = Release|Any CPU
		{8DF82F47-A11F-4590-95E4-1D394D383C4B}.Debug|Any CPU.ActiveCfg = Debug|Any CPU
		{8DF82F47-A11F-4590-95E4-1D394D383C4B}.Debug|Any CPU.Build.0 = Debug|Any CPU
		{8DF82F47-A11F-4590-95E4-1D394D383C4B}.Release|Any CPU.ActiveCfg = Release|Any CPU
		{8DF82F47-A11F-4590-95E4-1D394D383C4B}.Release|Any CPU.Build.0 = Release|Any CPU
	EndGlobalSection
	GlobalSection(SolutionProperties) = preSolution
		HideSolutionNode = FALSE
	EndGlobalSection
	GlobalSection(ExtensibilityGlobals) = postSolution
		SolutionGuid = {BB675DEB-CC83-4937-9A83-424CABCAF6E8}
	EndGlobalSection
EndGlobal
